// !$*UTF8*$!
{
	archiveVersion = 1;
	classes = {
	};
	objectVersion = 55;
	objects = {

/* Begin PBXBuildFile section */
		311FA4397C5831E1901F1CE0 /* Pods_startToEnd.framework in Frameworks */ = {isa = PBXBuildFile; fileRef = 015D3E91D7EDEB512BE30B04 /* Pods_startToEnd.framework */; };
		F5064BE227647EBF006BE2E4 /* DataManager.swift in Sources */ = {isa = PBXBuildFile; fileRef = F5064BE127647EBF006BE2E4 /* DataManager.swift */; };
		F51517A8275783B90024266F /* DetailViewController.swift in Sources */ = {isa = PBXBuildFile; fileRef = F51517A7275783B90024266F /* DetailViewController.swift */; };
		F534B3C427609B5100F3E24D /* SelectEmotionViewController.swift in Sources */ = {isa = PBXBuildFile; fileRef = F534B3C327609B5100F3E24D /* SelectEmotionViewController.swift */; };
		F534B3C627609CFC00F3E24D /* EmotionCollectionViewCell.swift in Sources */ = {isa = PBXBuildFile; fileRef = F534B3C527609CFC00F3E24D /* EmotionCollectionViewCell.swift */; };
		F534B3C827618E2000F3E24D /* ImageDisplayViewController.swift in Sources */ = {isa = PBXBuildFile; fileRef = F534B3C727618E2000F3E24D /* ImageDisplayViewController.swift */; };
		F534B3CA276191DC00F3E24D /* ImageCollectionViewCell.swift in Sources */ = {isa = PBXBuildFile; fileRef = F534B3C9276191DC00F3E24D /* ImageCollectionViewCell.swift */; };
		F53870C92767322200306787 /* DataManager+Todo.swift in Sources */ = {isa = PBXBuildFile; fileRef = F53870C82767322200306787 /* DataManager+Todo.swift */; };
		F5388E772751FBF5005426D1 /* AppDelegate.swift in Sources */ = {isa = PBXBuildFile; fileRef = F5388E762751FBF5005426D1 /* AppDelegate.swift */; };
		F5388E792751FBF5005426D1 /* SceneDelegate.swift in Sources */ = {isa = PBXBuildFile; fileRef = F5388E782751FBF5005426D1 /* SceneDelegate.swift */; };
		F5388E7B2751FBF5005426D1 /* ViewController.swift in Sources */ = {isa = PBXBuildFile; fileRef = F5388E7A2751FBF5005426D1 /* ViewController.swift */; };
		F5388E7E2751FBF5005426D1 /* Main.storyboard in Resources */ = {isa = PBXBuildFile; fileRef = F5388E7C2751FBF5005426D1 /* Main.storyboard */; };
		F5388E812751FBF5005426D1 /* startToEnd.xcdatamodeld in Sources */ = {isa = PBXBuildFile; fileRef = F5388E7F2751FBF5005426D1 /* startToEnd.xcdatamodeld */; };
		F5388E832751FBF6005426D1 /* Assets.xcassets in Resources */ = {isa = PBXBuildFile; fileRef = F5388E822751FBF6005426D1 /* Assets.xcassets */; };
		F5388E862751FBF6005426D1 /* LaunchScreen.storyboard in Resources */ = {isa = PBXBuildFile; fileRef = F5388E842751FBF6005426D1 /* LaunchScreen.storyboard */; };
		F5446D85275F41EB00B1CC05 /* NSNotification+Extension.swift in Sources */ = {isa = PBXBuildFile; fileRef = F5446D84275F41EB00B1CC05 /* NSNotification+Extension.swift */; };
		F557ABFC277F68E6000D22B8 /* CommonViewController.swift in Sources */ = {isa = PBXBuildFile; fileRef = F557ABFB277F68E6000D22B8 /* CommonViewController.swift */; };
		F5A4B33D27584E6800DC415B /* Date+Formatter.swift in Sources */ = {isa = PBXBuildFile; fileRef = F5A4B33C27584E6800DC415B /* Date+Formatter.swift */; };
		F5A4B341275A06BA00DC415B /* SelectCategoryViewController.swift in Sources */ = {isa = PBXBuildFile; fileRef = F5A4B340275A06BA00DC415B /* SelectCategoryViewController.swift */; };
		F5A4B343275A06E100DC415B /* SelectCategoryTableViewCell.swift in Sources */ = {isa = PBXBuildFile; fileRef = F5A4B342275A06E100DC415B /* SelectCategoryTableViewCell.swift */; };
		F5B38E86276C828E00A8D596 /* NotificationManager.swift in Sources */ = {isa = PBXBuildFile; fileRef = F5B38E85276C828E00A8D596 /* NotificationManager.swift */; };
		F5B5AEC9276479A10098205C /* DataManager+MyDiary.swift in Sources */ = {isa = PBXBuildFile; fileRef = F5B5AEC8276479A10098205C /* DataManager+MyDiary.swift */; };
		F5C42B4A2760498900B9E197 /* Diary.storyboard in Resources */ = {isa = PBXBuildFile; fileRef = F5C42B492760498900B9E197 /* Diary.storyboard */; };
		F5C42B4C27605F9A00B9E197 /* DiaryListViewController.swift in Sources */ = {isa = PBXBuildFile; fileRef = F5C42B4B27605F9A00B9E197 /* DiaryListViewController.swift */; };
		F5C42B4F27605FC700B9E197 /* DiaryListTableViewCell.swift in Sources */ = {isa = PBXBuildFile; fileRef = F5C42B4E27605FC700B9E197 /* DiaryListTableViewCell.swift */; };
		F5C42B5127605FE400B9E197 /* DiaryDetailViewController.swift in Sources */ = {isa = PBXBuildFile; fileRef = F5C42B5027605FE400B9E197 /* DiaryDetailViewController.swift */; };
		F5C42B5327605FFD00B9E197 /* DiaryComposeViewController.swift in Sources */ = {isa = PBXBuildFile; fileRef = F5C42B5227605FFD00B9E197 /* DiaryComposeViewController.swift */; };
		F5C9080F275D951400ED49DD /* CreateNewCategoryViewController.swift in Sources */ = {isa = PBXBuildFile; fileRef = F5C9080E275D951400ED49DD /* CreateNewCategoryViewController.swift */; };
		F5C90811275EECA600ED49DD /* UIView+Extension.swift in Sources */ = {isa = PBXBuildFile; fileRef = F5C90810275EECA600ED49DD /* UIView+Extension.swift */; };
		F5CABE3D276B127C003473D1 /* SelectDateViewController.swift in Sources */ = {isa = PBXBuildFile; fileRef = F5CABE3C276B127C003473D1 /* SelectDateViewController.swift */; };
		F5CC22A32761E64B00F5E938 /* DisplayImagesCollectionViewCell.swift in Sources */ = {isa = PBXBuildFile; fileRef = F5CC22A22761E64B00F5E938 /* DisplayImagesCollectionViewCell.swift */; };
		F5CC22A72761FF6900F5E938 /* AttachedImageCollectionViewCell.swift in Sources */ = {isa = PBXBuildFile; fileRef = F5CC22A62761FF6900F5E938 /* AttachedImageCollectionViewCell.swift */; };
		F5E11BA72755D894007C582A /* ListTableViewCell.swift in Sources */ = {isa = PBXBuildFile; fileRef = F5E11BA62755D894007C582A /* ListTableViewCell.swift */; };
		F5E189CD2756B4E100DCC300 /* UIViewController+Alert.swift in Sources */ = {isa = PBXBuildFile; fileRef = F5E189CC2756B4E100DCC300 /* UIViewController+Alert.swift */; };
/* End PBXBuildFile section */

/* Begin PBXFileReference section */
		015D3E91D7EDEB512BE30B04 /* Pods_startToEnd.framework */ = {isa = PBXFileReference; explicitFileType = wrapper.framework; includeInIndex = 0; path = Pods_startToEnd.framework; sourceTree = BUILT_PRODUCTS_DIR; };
		317E43635DD60B60C9A192A7 /* Pods-startToEnd.release.xcconfig */ = {isa = PBXFileReference; includeInIndex = 1; lastKnownFileType = text.xcconfig; name = "Pods-startToEnd.release.xcconfig"; path = "Target Support Files/Pods-startToEnd/Pods-startToEnd.release.xcconfig"; sourceTree = "<group>"; };
		33FA84E63AB94DBB5A8BB090 /* Pods-startToEnd.debug.xcconfig */ = {isa = PBXFileReference; includeInIndex = 1; lastKnownFileType = text.xcconfig; name = "Pods-startToEnd.debug.xcconfig"; path = "Target Support Files/Pods-startToEnd/Pods-startToEnd.debug.xcconfig"; sourceTree = "<group>"; };
		F5064BE127647EBF006BE2E4 /* DataManager.swift */ = {isa = PBXFileReference; lastKnownFileType = sourcecode.swift; path = DataManager.swift; sourceTree = "<group>"; };
		F51517A7275783B90024266F /* DetailViewController.swift */ = {isa = PBXFileReference; lastKnownFileType = sourcecode.swift; path = DetailViewController.swift; sourceTree = "<group>"; };
		F52BDABA2783DF550060307F /* startToEnd 2.xcdatamodel */ = {isa = PBXFileReference; lastKnownFileType = wrapper.xcdatamodel; path = "startToEnd 2.xcdatamodel"; sourceTree = "<group>"; };
		F534B3C327609B5100F3E24D /* SelectEmotionViewController.swift */ = {isa = PBXFileReference; lastKnownFileType = sourcecode.swift; path = SelectEmotionViewController.swift; sourceTree = "<group>"; };
		F534B3C527609CFC00F3E24D /* EmotionCollectionViewCell.swift */ = {isa = PBXFileReference; lastKnownFileType = sourcecode.swift; path = EmotionCollectionViewCell.swift; sourceTree = "<group>"; };
		F534B3C727618E2000F3E24D /* ImageDisplayViewController.swift */ = {isa = PBXFileReference; lastKnownFileType = sourcecode.swift; path = ImageDisplayViewController.swift; sourceTree = "<group>"; };
		F534B3C9276191DC00F3E24D /* ImageCollectionViewCell.swift */ = {isa = PBXFileReference; lastKnownFileType = sourcecode.swift; path = ImageCollectionViewCell.swift; sourceTree = "<group>"; };
		F53870C82767322200306787 /* DataManager+Todo.swift */ = {isa = PBXFileReference; lastKnownFileType = sourcecode.swift; path = "DataManager+Todo.swift"; sourceTree = "<group>"; };
		F5388E732751FBF5005426D1 /* startToEnd.app */ = {isa = PBXFileReference; explicitFileType = wrapper.application; includeInIndex = 0; path = startToEnd.app; sourceTree = BUILT_PRODUCTS_DIR; };
		F5388E762751FBF5005426D1 /* AppDelegate.swift */ = {isa = PBXFileReference; lastKnownFileType = sourcecode.swift; path = AppDelegate.swift; sourceTree = "<group>"; };
		F5388E782751FBF5005426D1 /* SceneDelegate.swift */ = {isa = PBXFileReference; lastKnownFileType = sourcecode.swift; path = SceneDelegate.swift; sourceTree = "<group>"; };
		F5388E7A2751FBF5005426D1 /* ViewController.swift */ = {isa = PBXFileReference; lastKnownFileType = sourcecode.swift; path = ViewController.swift; sourceTree = "<group>"; };
		F5388E7D2751FBF5005426D1 /* Base */ = {isa = PBXFileReference; lastKnownFileType = file.storyboard; name = Base; path = Base.lproj/Main.storyboard; sourceTree = "<group>"; };
		F5388E802751FBF5005426D1 /* startToEnd.xcdatamodel */ = {isa = PBXFileReference; lastKnownFileType = wrapper.xcdatamodel; path = startToEnd.xcdatamodel; sourceTree = "<group>"; };
		F5388E822751FBF6005426D1 /* Assets.xcassets */ = {isa = PBXFileReference; lastKnownFileType = folder.assetcatalog; path = Assets.xcassets; sourceTree = "<group>"; };
		F5388E852751FBF6005426D1 /* Base */ = {isa = PBXFileReference; lastKnownFileType = file.storyboard; name = Base; path = Base.lproj/LaunchScreen.storyboard; sourceTree = "<group>"; };
		F5388E872751FBF6005426D1 /* Info.plist */ = {isa = PBXFileReference; lastKnownFileType = text.plist.xml; path = Info.plist; sourceTree = "<group>"; };
		F5446D84275F41EB00B1CC05 /* NSNotification+Extension.swift */ = {isa = PBXFileReference; lastKnownFileType = sourcecode.swift; path = "NSNotification+Extension.swift"; sourceTree = "<group>"; };
		F557ABFB277F68E6000D22B8 /* CommonViewController.swift */ = {isa = PBXFileReference; lastKnownFileType = sourcecode.swift; path = CommonViewController.swift; sourceTree = "<group>"; };
		F5A4B33C27584E6800DC415B /* Date+Formatter.swift */ = {isa = PBXFileReference; lastKnownFileType = sourcecode.swift; path = "Date+Formatter.swift"; sourceTree = "<group>"; };
		F5A4B340275A06BA00DC415B /* SelectCategoryViewController.swift */ = {isa = PBXFileReference; lastKnownFileType = sourcecode.swift; path = SelectCategoryViewController.swift; sourceTree = "<group>"; };
		F5A4B342275A06E100DC415B /* SelectCategoryTableViewCell.swift */ = {isa = PBXFileReference; lastKnownFileType = sourcecode.swift; path = SelectCategoryTableViewCell.swift; sourceTree = "<group>"; };
		F5B38E85276C828E00A8D596 /* NotificationManager.swift */ = {isa = PBXFileReference; lastKnownFileType = sourcecode.swift; path = NotificationManager.swift; sourceTree = "<group>"; };
		F5B5AEC8276479A10098205C /* DataManager+MyDiary.swift */ = {isa = PBXFileReference; lastKnownFileType = sourcecode.swift; path = "DataManager+MyDiary.swift"; sourceTree = "<group>"; };
		F5C42B492760498900B9E197 /* Diary.storyboard */ = {isa = PBXFileReference; fileEncoding = 4; lastKnownFileType = file.storyboard; name = Diary.storyboard; path = startToEnd/Diary/Diary.storyboard; sourceTree = SOURCE_ROOT; };
		F5C42B4B27605F9A00B9E197 /* DiaryListViewController.swift */ = {isa = PBXFileReference; lastKnownFileType = sourcecode.swift; path = DiaryListViewController.swift; sourceTree = "<group>"; };
		F5C42B4E27605FC700B9E197 /* DiaryListTableViewCell.swift */ = {isa = PBXFileReference; lastKnownFileType = sourcecode.swift; path = DiaryListTableViewCell.swift; sourceTree = "<group>"; };
		F5C42B5027605FE400B9E197 /* DiaryDetailViewController.swift */ = {isa = PBXFileReference; lastKnownFileType = sourcecode.swift; path = DiaryDetailViewController.swift; sourceTree = "<group>"; };
		F5C42B5227605FFD00B9E197 /* DiaryComposeViewController.swift */ = {isa = PBXFileReference; lastKnownFileType = sourcecode.swift; path = DiaryComposeViewController.swift; sourceTree = "<group>"; };
		F5C9080E275D951400ED49DD /* CreateNewCategoryViewController.swift */ = {isa = PBXFileReference; lastKnownFileType = sourcecode.swift; path = CreateNewCategoryViewController.swift; sourceTree = "<group>"; };
		F5C90810275EECA600ED49DD /* UIView+Extension.swift */ = {isa = PBXFileReference; lastKnownFileType = sourcecode.swift; path = "UIView+Extension.swift"; sourceTree = "<group>"; };
		F5CABE3C276B127C003473D1 /* SelectDateViewController.swift */ = {isa = PBXFileReference; lastKnownFileType = sourcecode.swift; path = SelectDateViewController.swift; sourceTree = "<group>"; };
		F5CC22A22761E64B00F5E938 /* DisplayImagesCollectionViewCell.swift */ = {isa = PBXFileReference; lastKnownFileType = sourcecode.swift; path = DisplayImagesCollectionViewCell.swift; sourceTree = "<group>"; };
		F5CC22A62761FF6900F5E938 /* AttachedImageCollectionViewCell.swift */ = {isa = PBXFileReference; lastKnownFileType = sourcecode.swift; path = AttachedImageCollectionViewCell.swift; sourceTree = "<group>"; };
		F5E11BA62755D894007C582A /* ListTableViewCell.swift */ = {isa = PBXFileReference; lastKnownFileType = sourcecode.swift; path = ListTableViewCell.swift; sourceTree = "<group>"; };
		F5E189CC2756B4E100DCC300 /* UIViewController+Alert.swift */ = {isa = PBXFileReference; lastKnownFileType = sourcecode.swift; path = "UIViewController+Alert.swift"; sourceTree = "<group>"; };
/* End PBXFileReference section */

/* Begin PBXFrameworksBuildPhase section */
		F5388E702751FBF5005426D1 /* Frameworks */ = {
			isa = PBXFrameworksBuildPhase;
			buildActionMask = 2147483647;
			files = (
				311FA4397C5831E1901F1CE0 /* Pods_startToEnd.framework in Frameworks */,
			);
			runOnlyForDeploymentPostprocessing = 0;
		};
/* End PBXFrameworksBuildPhase section */

/* Begin PBXGroup section */
		198E52936B15EB81BD72367A /* Frameworks */ = {
			isa = PBXGroup;
			children = (
				015D3E91D7EDEB512BE30B04 /* Pods_startToEnd.framework */,
			);
			name = Frameworks;
			sourceTree = "<group>";
		};
		21A4D49D5136AE52E9E4D96E /* Pods */ = {
			isa = PBXGroup;
			children = (
				33FA84E63AB94DBB5A8BB090 /* Pods-startToEnd.debug.xcconfig */,
				317E43635DD60B60C9A192A7 /* Pods-startToEnd.release.xcconfig */,
			);
			path = Pods;
			sourceTree = "<group>";
		};
		F5388E6A2751FBF5005426D1 = {
			isa = PBXGroup;
			children = (
				F5388E752751FBF5005426D1 /* startToEnd */,
				F5388E742751FBF5005426D1 /* Products */,
				21A4D49D5136AE52E9E4D96E /* Pods */,
				198E52936B15EB81BD72367A /* Frameworks */,
			);
			sourceTree = "<group>";
		};
		F5388E742751FBF5005426D1 /* Products */ = {
			isa = PBXGroup;
			children = (
				F5388E732751FBF5005426D1 /* startToEnd.app */,
			);
			name = Products;
			sourceTree = "<group>";
		};
		F5388E752751FBF5005426D1 /* startToEnd */ = {
			isa = PBXGroup;
			children = (
				F5B38E84276C827600A8D596 /* LocalNotification */,
				F5B83DF527635063005EF41F /* Data */,
				F5E189CB2756B4C800DCC300 /* Extension */,
				F5E189C82756B49C00DCC300 /* Common */,
				F5C42B442760434D00B9E197 /* ToDo */,
				F5C42B432760434400B9E197 /* Diary */,
				F5388E762751FBF5005426D1 /* AppDelegate.swift */,
				F5388E782751FBF5005426D1 /* SceneDelegate.swift */,
				F5388E822751FBF6005426D1 /* Assets.xcassets */,
				F5388E842751FBF6005426D1 /* LaunchScreen.storyboard */,
				F5388E872751FBF6005426D1 /* Info.plist */,
			);
			path = startToEnd;
			sourceTree = "<group>";
		};
		F5388E91275218A1005426D1 /* ViewController */ = {
			isa = PBXGroup;
			children = (
				F5388E7A2751FBF5005426D1 /* ViewController.swift */,
				F51517A7275783B90024266F /* DetailViewController.swift */,
				F5A4B340275A06BA00DC415B /* SelectCategoryViewController.swift */,
				F5C9080E275D951400ED49DD /* CreateNewCategoryViewController.swift */,
				F5CABE3C276B127C003473D1 /* SelectDateViewController.swift */,
			);
			path = ViewController;
			sourceTree = "<group>";
		};
		F5388E93275218B2005426D1 /* Cell */ = {
			isa = PBXGroup;
			children = (
				F5E11BA62755D894007C582A /* ListTableViewCell.swift */,
				F5A4B342275A06E100DC415B /* SelectCategoryTableViewCell.swift */,
			);
			path = Cell;
			sourceTree = "<group>";
		};
		F5B38E84276C827600A8D596 /* LocalNotification */ = {
			isa = PBXGroup;
			children = (
				F5B38E85276C828E00A8D596 /* NotificationManager.swift */,
			);
			path = LocalNotification;
			sourceTree = "<group>";
		};
		F5B83DF527635063005EF41F /* Data */ = {
			isa = PBXGroup;
			children = (
				F5064BE127647EBF006BE2E4 /* DataManager.swift */,
				F53870C82767322200306787 /* DataManager+Todo.swift */,
				F5B5AEC8276479A10098205C /* DataManager+MyDiary.swift */,
				F5388E7F2751FBF5005426D1 /* startToEnd.xcdatamodeld */,
			);
			path = Data;
			sourceTree = "<group>";
		};
		F5C42B432760434400B9E197 /* Diary */ = {
			isa = PBXGroup;
			children = (
				F5C42B492760498900B9E197 /* Diary.storyboard */,
				F5C42B452760436B00B9E197 /* ViewController */,
				F5C42B4D27605FAD00B9E197 /* Cell */,
			);
			path = Diary;
			sourceTree = "<group>";
		};
		F5C42B442760434D00B9E197 /* ToDo */ = {
			isa = PBXGroup;
			children = (
				F5388E7C2751FBF5005426D1 /* Main.storyboard */,
				F5388E91275218A1005426D1 /* ViewController */,
				F5388E93275218B2005426D1 /* Cell */,
			);
			path = ToDo;
			sourceTree = "<group>";
		};
		F5C42B452760436B00B9E197 /* ViewController */ = {
			isa = PBXGroup;
			children = (
				F5C42B4B27605F9A00B9E197 /* DiaryListViewController.swift */,
				F5C42B5027605FE400B9E197 /* DiaryDetailViewController.swift */,
				F5C42B5227605FFD00B9E197 /* DiaryComposeViewController.swift */,
				F534B3C327609B5100F3E24D /* SelectEmotionViewController.swift */,
				F534B3C727618E2000F3E24D /* ImageDisplayViewController.swift */,
			);
			path = ViewController;
			sourceTree = "<group>";
		};
		F5C42B4D27605FAD00B9E197 /* Cell */ = {
			isa = PBXGroup;
			children = (
				F5C42B4E27605FC700B9E197 /* DiaryListTableViewCell.swift */,
				F534B3C527609CFC00F3E24D /* EmotionCollectionViewCell.swift */,
				F534B3C9276191DC00F3E24D /* ImageCollectionViewCell.swift */,
				F5CC22A22761E64B00F5E938 /* DisplayImagesCollectionViewCell.swift */,
				F5CC22A62761FF6900F5E938 /* AttachedImageCollectionViewCell.swift */,
			);
			path = Cell;
			sourceTree = "<group>";
		};
		F5E189C82756B49C00DCC300 /* Common */ = {
			isa = PBXGroup;
			children = (
				F557ABFB277F68E6000D22B8 /* CommonViewController.swift */,
			);
			path = Common;
			sourceTree = "<group>";
		};
		F5E189CB2756B4C800DCC300 /* Extension */ = {
			isa = PBXGroup;
			children = (
				F5E189CC2756B4E100DCC300 /* UIViewController+Alert.swift */,
				F5A4B33C27584E6800DC415B /* Date+Formatter.swift */,
				F5C90810275EECA600ED49DD /* UIView+Extension.swift */,
				F5446D84275F41EB00B1CC05 /* NSNotification+Extension.swift */,
			);
			path = Extension;
			sourceTree = "<group>";
		};
/* End PBXGroup section */

/* Begin PBXNativeTarget section */
		F5388E722751FBF5005426D1 /* startToEnd */ = {
			isa = PBXNativeTarget;
			buildConfigurationList = F5388E8A2751FBF6005426D1 /* Build configuration list for PBXNativeTarget "startToEnd" */;
			buildPhases = (
				6DA728E90B69B08C1D4712BB /* [CP] Check Pods Manifest.lock */,
				F5388E6F2751FBF5005426D1 /* Sources */,
				F5388E702751FBF5005426D1 /* Frameworks */,
				F5388E712751FBF5005426D1 /* Resources */,
				FD7A9574F3EC281D20BB8753 /* [CP] Embed Pods Frameworks */,
			);
			buildRules = (
			);
			dependencies = (
			);
			name = startToEnd;
			productName = startToEnd;
			productReference = F5388E732751FBF5005426D1 /* startToEnd.app */;
			productType = "com.apple.product-type.application";
		};
/* End PBXNativeTarget section */

/* Begin PBXProject section */
		F5388E6B2751FBF5005426D1 /* Project object */ = {
			isa = PBXProject;
			attributes = {
				BuildIndependentTargetsInParallel = 1;
				LastSwiftUpdateCheck = 1310;
				LastUpgradeCheck = 1310;
				TargetAttributes = {
					F5388E722751FBF5005426D1 = {
						CreatedOnToolsVersion = 13.1;
					};
				};
			};
			buildConfigurationList = F5388E6E2751FBF5005426D1 /* Build configuration list for PBXProject "startToEnd" */;
			compatibilityVersion = "Xcode 13.0";
			developmentRegion = en;
			hasScannedForEncodings = 0;
			knownRegions = (
				en,
				Base,
			);
			mainGroup = F5388E6A2751FBF5005426D1;
			productRefGroup = F5388E742751FBF5005426D1 /* Products */;
			projectDirPath = "";
			projectRoot = "";
			targets = (
				F5388E722751FBF5005426D1 /* startToEnd */,
			);
		};
/* End PBXProject section */

/* Begin PBXResourcesBuildPhase section */
		F5388E712751FBF5005426D1 /* Resources */ = {
			isa = PBXResourcesBuildPhase;
			buildActionMask = 2147483647;
			files = (
				F5C42B4A2760498900B9E197 /* Diary.storyboard in Resources */,
				F5388E862751FBF6005426D1 /* LaunchScreen.storyboard in Resources */,
				F5388E832751FBF6005426D1 /* Assets.xcassets in Resources */,
				F5388E7E2751FBF5005426D1 /* Main.storyboard in Resources */,
			);
			runOnlyForDeploymentPostprocessing = 0;
		};
/* End PBXResourcesBuildPhase section */

/* Begin PBXShellScriptBuildPhase section */
		6DA728E90B69B08C1D4712BB /* [CP] Check Pods Manifest.lock */ = {
			isa = PBXShellScriptBuildPhase;
			buildActionMask = 2147483647;
			files = (
			);
			inputFileListPaths = (
			);
			inputPaths = (
				"${PODS_PODFILE_DIR_PATH}/Podfile.lock",
				"${PODS_ROOT}/Manifest.lock",
			);
			name = "[CP] Check Pods Manifest.lock";
			outputFileListPaths = (
			);
			outputPaths = (
				"$(DERIVED_FILE_DIR)/Pods-startToEnd-checkManifestLockResult.txt",
			);
			runOnlyForDeploymentPostprocessing = 0;
			shellPath = /bin/sh;
			shellScript = "diff \"${PODS_PODFILE_DIR_PATH}/Podfile.lock\" \"${PODS_ROOT}/Manifest.lock\" > /dev/null\nif [ $? != 0 ] ; then\n    # print error to STDERR\n    echo \"error: The sandbox is not in sync with the Podfile.lock. Run 'pod install' or update your CocoaPods installation.\" >&2\n    exit 1\nfi\n# This output is used by Xcode 'outputs' to avoid re-running this script phase.\necho \"SUCCESS\" > \"${SCRIPT_OUTPUT_FILE_0}\"\n";
			showEnvVarsInLog = 0;
		};
		FD7A9574F3EC281D20BB8753 /* [CP] Embed Pods Frameworks */ = {
			isa = PBXShellScriptBuildPhase;
			buildActionMask = 2147483647;
			files = (
			);
			inputFileListPaths = (
				"${PODS_ROOT}/Target Support Files/Pods-startToEnd/Pods-startToEnd-frameworks-${CONFIGURATION}-input-files.xcfilelist",
			);
			name = "[CP] Embed Pods Frameworks";
			outputFileListPaths = (
				"${PODS_ROOT}/Target Support Files/Pods-startToEnd/Pods-startToEnd-frameworks-${CONFIGURATION}-output-files.xcfilelist",
			);
			runOnlyForDeploymentPostprocessing = 0;
			shellPath = /bin/sh;
			shellScript = "\"${PODS_ROOT}/Target Support Files/Pods-startToEnd/Pods-startToEnd-frameworks.sh\"\n";
			showEnvVarsInLog = 0;
		};
/* End PBXShellScriptBuildPhase section */

/* Begin PBXSourcesBuildPhase section */
		F5388E6F2751FBF5005426D1 /* Sources */ = {
			isa = PBXSourcesBuildPhase;
			buildActionMask = 2147483647;
			files = (
				F534B3CA276191DC00F3E24D /* ImageCollectionViewCell.swift in Sources */,
				F5CABE3D276B127C003473D1 /* SelectDateViewController.swift in Sources */,
				F51517A8275783B90024266F /* DetailViewController.swift in Sources */,
				F5CC22A72761FF6900F5E938 /* AttachedImageCollectionViewCell.swift in Sources */,
				F5A4B33D27584E6800DC415B /* Date+Formatter.swift in Sources */,
				F53870C92767322200306787 /* DataManager+Todo.swift in Sources */,
				F5C42B5327605FFD00B9E197 /* DiaryComposeViewController.swift in Sources */,
				F5E11BA72755D894007C582A /* ListTableViewCell.swift in Sources */,
				F5C42B4F27605FC700B9E197 /* DiaryListTableViewCell.swift in Sources */,
				F5CC22A32761E64B00F5E938 /* DisplayImagesCollectionViewCell.swift in Sources */,
				F534B3C827618E2000F3E24D /* ImageDisplayViewController.swift in Sources */,
				F557ABFC277F68E6000D22B8 /* CommonViewController.swift in Sources */,
				F5C90811275EECA600ED49DD /* UIView+Extension.swift in Sources */,
				F5C42B4C27605F9A00B9E197 /* DiaryListViewController.swift in Sources */,
				F5B38E86276C828E00A8D596 /* NotificationManager.swift in Sources */,
				F5C9080F275D951400ED49DD /* CreateNewCategoryViewController.swift in Sources */,
				F5064BE227647EBF006BE2E4 /* DataManager.swift in Sources */,
				F5A4B343275A06E100DC415B /* SelectCategoryTableViewCell.swift in Sources */,
				F534B3C427609B5100F3E24D /* SelectEmotionViewController.swift in Sources */,
				F5446D85275F41EB00B1CC05 /* NSNotification+Extension.swift in Sources */,
				F5A4B341275A06BA00DC415B /* SelectCategoryViewController.swift in Sources */,
				F534B3C627609CFC00F3E24D /* EmotionCollectionViewCell.swift in Sources */,
				F5388E7B2751FBF5005426D1 /* ViewController.swift in Sources */,
				F5C42B5127605FE400B9E197 /* DiaryDetailViewController.swift in Sources */,
				F5B5AEC9276479A10098205C /* DataManager+MyDiary.swift in Sources */,
				F5388E772751FBF5005426D1 /* AppDelegate.swift in Sources */,
				F5388E792751FBF5005426D1 /* SceneDelegate.swift in Sources */,
				F5388E812751FBF5005426D1 /* startToEnd.xcdatamodeld in Sources */,
				F5E189CD2756B4E100DCC300 /* UIViewController+Alert.swift in Sources */,
			);
			runOnlyForDeploymentPostprocessing = 0;
		};
/* End PBXSourcesBuildPhase section */

/* Begin PBXVariantGroup section */
		F5388E7C2751FBF5005426D1 /* Main.storyboard */ = {
			isa = PBXVariantGroup;
			children = (
				F5388E7D2751FBF5005426D1 /* Base */,
			);
			name = Main.storyboard;
			sourceTree = "<group>";
		};
		F5388E842751FBF6005426D1 /* LaunchScreen.storyboard */ = {
			isa = PBXVariantGroup;
			children = (
				F5388E852751FBF6005426D1 /* Base */,
			);
			name = LaunchScreen.storyboard;
			sourceTree = "<group>";
		};
/* End PBXVariantGroup section */

/* Begin XCBuildConfiguration section */
		F5388E882751FBF6005426D1 /* Debug */ = {
			isa = XCBuildConfiguration;
			buildSettings = {
				ALWAYS_SEARCH_USER_PATHS = NO;
				CLANG_ANALYZER_NONNULL = YES;
				CLANG_ANALYZER_NUMBER_OBJECT_CONVERSION = YES_AGGRESSIVE;
				CLANG_CXX_LANGUAGE_STANDARD = "gnu++17";
				CLANG_CXX_LIBRARY = "libc++";
				CLANG_ENABLE_MODULES = YES;
				CLANG_ENABLE_OBJC_ARC = YES;
				CLANG_ENABLE_OBJC_WEAK = YES;
				CLANG_WARN_BLOCK_CAPTURE_AUTORELEASING = YES;
				CLANG_WARN_BOOL_CONVERSION = YES;
				CLANG_WARN_COMMA = YES;
				CLANG_WARN_CONSTANT_CONVERSION = YES;
				CLANG_WARN_DEPRECATED_OBJC_IMPLEMENTATIONS = YES;
				CLANG_WARN_DIRECT_OBJC_ISA_USAGE = YES_ERROR;
				CLANG_WARN_DOCUMENTATION_COMMENTS = YES;
				CLANG_WARN_EMPTY_BODY = YES;
				CLANG_WARN_ENUM_CONVERSION = YES;
				CLANG_WARN_INFINITE_RECURSION = YES;
				CLANG_WARN_INT_CONVERSION = YES;
				CLANG_WARN_NON_LITERAL_NULL_CONVERSION = YES;
				CLANG_WARN_OBJC_IMPLICIT_RETAIN_SELF = YES;
				CLANG_WARN_OBJC_LITERAL_CONVERSION = YES;
				CLANG_WARN_OBJC_ROOT_CLASS = YES_ERROR;
				CLANG_WARN_QUOTED_INCLUDE_IN_FRAMEWORK_HEADER = YES;
				CLANG_WARN_RANGE_LOOP_ANALYSIS = YES;
				CLANG_WARN_STRICT_PROTOTYPES = YES;
				CLANG_WARN_SUSPICIOUS_MOVE = YES;
				CLANG_WARN_UNGUARDED_AVAILABILITY = YES_AGGRESSIVE;
				CLANG_WARN_UNREACHABLE_CODE = YES;
				CLANG_WARN__DUPLICATE_METHOD_MATCH = YES;
				COPY_PHASE_STRIP = NO;
				DEBUG_INFORMATION_FORMAT = dwarf;
				ENABLE_STRICT_OBJC_MSGSEND = YES;
				ENABLE_TESTABILITY = YES;
				GCC_C_LANGUAGE_STANDARD = gnu11;
				GCC_DYNAMIC_NO_PIC = NO;
				GCC_NO_COMMON_BLOCKS = YES;
				GCC_OPTIMIZATION_LEVEL = 0;
				GCC_PREPROCESSOR_DEFINITIONS = (
					"DEBUG=1",
					"$(inherited)",
				);
				GCC_WARN_64_TO_32_BIT_CONVERSION = YES;
				GCC_WARN_ABOUT_RETURN_TYPE = YES_ERROR;
				GCC_WARN_UNDECLARED_SELECTOR = YES;
				GCC_WARN_UNINITIALIZED_AUTOS = YES_AGGRESSIVE;
				GCC_WARN_UNUSED_FUNCTION = YES;
				GCC_WARN_UNUSED_VARIABLE = YES;
				IPHONEOS_DEPLOYMENT_TARGET = 15.0;
				MTL_ENABLE_DEBUG_INFO = INCLUDE_SOURCE;
				MTL_FAST_MATH = YES;
				ONLY_ACTIVE_ARCH = YES;
				SDKROOT = iphoneos;
				SWIFT_ACTIVE_COMPILATION_CONDITIONS = DEBUG;
				SWIFT_OPTIMIZATION_LEVEL = "-Onone";
			};
			name = Debug;
		};
		F5388E892751FBF6005426D1 /* Release */ = {
			isa = XCBuildConfiguration;
			buildSettings = {
				ALWAYS_SEARCH_USER_PATHS = NO;
				CLANG_ANALYZER_NONNULL = YES;
				CLANG_ANALYZER_NUMBER_OBJECT_CONVERSION = YES_AGGRESSIVE;
				CLANG_CXX_LANGUAGE_STANDARD = "gnu++17";
				CLANG_CXX_LIBRARY = "libc++";
				CLANG_ENABLE_MODULES = YES;
				CLANG_ENABLE_OBJC_ARC = YES;
				CLANG_ENABLE_OBJC_WEAK = YES;
				CLANG_WARN_BLOCK_CAPTURE_AUTORELEASING = YES;
				CLANG_WARN_BOOL_CONVERSION = YES;
				CLANG_WARN_COMMA = YES;
				CLANG_WARN_CONSTANT_CONVERSION = YES;
				CLANG_WARN_DEPRECATED_OBJC_IMPLEMENTATIONS = YES;
				CLANG_WARN_DIRECT_OBJC_ISA_USAGE = YES_ERROR;
				CLANG_WARN_DOCUMENTATION_COMMENTS = YES;
				CLANG_WARN_EMPTY_BODY = YES;
				CLANG_WARN_ENUM_CONVERSION = YES;
				CLANG_WARN_INFINITE_RECURSION = YES;
				CLANG_WARN_INT_CONVERSION = YES;
				CLANG_WARN_NON_LITERAL_NULL_CONVERSION = YES;
				CLANG_WARN_OBJC_IMPLICIT_RETAIN_SELF = YES;
				CLANG_WARN_OBJC_LITERAL_CONVERSION = YES;
				CLANG_WARN_OBJC_ROOT_CLASS = YES_ERROR;
				CLANG_WARN_QUOTED_INCLUDE_IN_FRAMEWORK_HEADER = YES;
				CLANG_WARN_RANGE_LOOP_ANALYSIS = YES;
				CLANG_WARN_STRICT_PROTOTYPES = YES;
				CLANG_WARN_SUSPICIOUS_MOVE = YES;
				CLANG_WARN_UNGUARDED_AVAILABILITY = YES_AGGRESSIVE;
				CLANG_WARN_UNREACHABLE_CODE = YES;
				CLANG_WARN__DUPLICATE_METHOD_MATCH = YES;
				COPY_PHASE_STRIP = NO;
				DEBUG_INFORMATION_FORMAT = "dwarf-with-dsym";
				ENABLE_NS_ASSERTIONS = NO;
				ENABLE_STRICT_OBJC_MSGSEND = YES;
				GCC_C_LANGUAGE_STANDARD = gnu11;
				GCC_NO_COMMON_BLOCKS = YES;
				GCC_WARN_64_TO_32_BIT_CONVERSION = YES;
				GCC_WARN_ABOUT_RETURN_TYPE = YES_ERROR;
				GCC_WARN_UNDECLARED_SELECTOR = YES;
				GCC_WARN_UNINITIALIZED_AUTOS = YES_AGGRESSIVE;
				GCC_WARN_UNUSED_FUNCTION = YES;
				GCC_WARN_UNUSED_VARIABLE = YES;
				IPHONEOS_DEPLOYMENT_TARGET = 15.0;
				MTL_ENABLE_DEBUG_INFO = NO;
				MTL_FAST_MATH = YES;
				SDKROOT = iphoneos;
				SWIFT_COMPILATION_MODE = wholemodule;
				SWIFT_OPTIMIZATION_LEVEL = "-O";
				VALIDATE_PRODUCT = YES;
			};
			name = Release;
		};
		F5388E8B2751FBF6005426D1 /* Debug */ = {
			isa = XCBuildConfiguration;
			baseConfigurationReference = 33FA84E63AB94DBB5A8BB090 /* Pods-startToEnd.debug.xcconfig */;
			buildSettings = {
				ASSETCATALOG_COMPILER_APPICON_NAME = AppIcon;
				ASSETCATALOG_COMPILER_GLOBAL_ACCENT_COLOR_NAME = AccentColor;
				CODE_SIGN_STYLE = Automatic;
				CURRENT_PROJECT_VERSION = 1;
				DEVELOPMENT_TEAM = 8D25AB624P;
				GENERATE_INFOPLIST_FILE = YES;
				INFOPLIST_FILE = startToEnd/Info.plist;
				INFOPLIST_KEY_UIApplicationSupportsIndirectInputEvents = YES;
				INFOPLIST_KEY_UILaunchStoryboardName = LaunchScreen;
				INFOPLIST_KEY_UIMainStoryboardFile = Main;
				INFOPLIST_KEY_UISupportedInterfaceOrientations_iPad = "UIInterfaceOrientationPortrait UIInterfaceOrientationPortraitUpsideDown UIInterfaceOrientationLandscapeLeft UIInterfaceOrientationLandscapeRight";
				INFOPLIST_KEY_UISupportedInterfaceOrientations_iPhone = "UIInterfaceOrientationPortrait UIInterfaceOrientationLandscapeLeft UIInterfaceOrientationLandscapeRight";
				IPHONEOS_DEPLOYMENT_TARGET = 13.0;
				LD_RUNPATH_SEARCH_PATHS = (
					"$(inherited)",
					"@executable_path/Frameworks",
				);
				MARKETING_VERSION = 1.0;
				PRODUCT_BUNDLE_IDENTIFIER = com.chris.startToEnd;
				PRODUCT_NAME = "$(TARGET_NAME)";
				SWIFT_EMIT_LOC_STRINGS = YES;
				SWIFT_VERSION = 5.0;
				TARGETED_DEVICE_FAMILY = "1,2";
			};
			name = Debug;
		};
		F5388E8C2751FBF6005426D1 /* Release */ = {
			isa = XCBuildConfiguration;
			baseConfigurationReference = 317E43635DD60B60C9A192A7 /* Pods-startToEnd.release.xcconfig */;
			buildSettings = {
				ASSETCATALOG_COMPILER_APPICON_NAME = AppIcon;
				ASSETCATALOG_COMPILER_GLOBAL_ACCENT_COLOR_NAME = AccentColor;
				CODE_SIGN_STYLE = Automatic;
				CURRENT_PROJECT_VERSION = 1;
				DEVELOPMENT_TEAM = 8D25AB624P;
				GENERATE_INFOPLIST_FILE = YES;
				INFOPLIST_FILE = startToEnd/Info.plist;
				INFOPLIST_KEY_UIApplicationSupportsIndirectInputEvents = YES;
				INFOPLIST_KEY_UILaunchStoryboardName = LaunchScreen;
				INFOPLIST_KEY_UIMainStoryboardFile = Main;
				INFOPLIST_KEY_UISupportedInterfaceOrientations_iPad = "UIInterfaceOrientationPortrait UIInterfaceOrientationPortraitUpsideDown UIInterfaceOrientationLandscapeLeft UIInterfaceOrientationLandscapeRight";
				INFOPLIST_KEY_UISupportedInterfaceOrientations_iPhone = "UIInterfaceOrientationPortrait UIInterfaceOrientationLandscapeLeft UIInterfaceOrientationLandscapeRight";
				IPHONEOS_DEPLOYMENT_TARGET = 13.0;
				LD_RUNPATH_SEARCH_PATHS = (
					"$(inherited)",
					"@executable_path/Frameworks",
				);
				MARKETING_VERSION = 1.0;
				PRODUCT_BUNDLE_IDENTIFIER = com.chris.startToEnd;
				PRODUCT_NAME = "$(TARGET_NAME)";
				SWIFT_EMIT_LOC_STRINGS = YES;
				SWIFT_VERSION = 5.0;
				TARGETED_DEVICE_FAMILY = "1,2";
			};
			name = Release;
		};
/* End XCBuildConfiguration section */

/* Begin XCConfigurationList section */
		F5388E6E2751FBF5005426D1 /* Build configuration list for PBXProject "startToEnd" */ = {
			isa = XCConfigurationList;
			buildConfigurations = (
				F5388E882751FBF6005426D1 /* Debug */,
				F5388E892751FBF6005426D1 /* Release */,
			);
			defaultConfigurationIsVisible = 0;
			defaultConfigurationName = Release;
		};
		F5388E8A2751FBF6005426D1 /* Build configuration list for PBXNativeTarget "startToEnd" */ = {
			isa = XCConfigurationList;
			buildConfigurations = (
				F5388E8B2751FBF6005426D1 /* Debug */,
				F5388E8C2751FBF6005426D1 /* Release */,
			);
			defaultConfigurationIsVisible = 0;
			defaultConfigurationName = Release;
		};
/* End XCConfigurationList section */

/* Begin XCVersionGroup section */
		F5388E7F2751FBF5005426D1 /* startToEnd.xcdatamodeld */ = {
			isa = XCVersionGroup;
			children = (
				F52BDABA2783DF550060307F /* startToEnd 2.xcdatamodel */,
				F5388E802751FBF5005426D1 /* startToEnd.xcdatamodel */,
			);
			currentVersion = F52BDABA2783DF550060307F /* startToEnd 2.xcdatamodel */;
			path = startToEnd.xcdatamodeld;
			sourceTree = "<group>";
			versionGroupType = wrapper.xcdatamodel;
		};
/* End XCVersionGroup section */
	};
	rootObject = F5388E6B2751FBF5005426D1 /* Project object */;
}
